// !$*UTF8*$!
{
	archiveVersion = 1;
	classes = {
	};
	objectVersion = 56;
	objects = {

/* Begin PBXBuildFile section */
		EB0AA1C529A17DCB00217953 /* FolderTreeApp.swift in Sources */ = {isa = PBXBuildFile; fileRef = EB0AA1C429A17DCB00217953 /* FolderTreeApp.swift */; };
		EB0AA1C729A17DCB00217953 /* ContentView.swift in Sources */ = {isa = PBXBuildFile; fileRef = EB0AA1C629A17DCB00217953 /* ContentView.swift */; };
		EB0AA1C929A17DCE00217953 /* Assets.xcassets in Resources */ = {isa = PBXBuildFile; fileRef = EB0AA1C829A17DCE00217953 /* Assets.xcassets */; };
		EB0AA1CC29A17DCE00217953 /* Preview Assets.xcassets in Resources */ = {isa = PBXBuildFile; fileRef = EB0AA1CB29A17DCE00217953 /* Preview Assets.xcassets */; };
		EB0AA1D729A17DCE00217953 /* FolderTreeTests.swift in Sources */ = {isa = PBXBuildFile; fileRef = EB0AA1D629A17DCE00217953 /* FolderTreeTests.swift */; };
		EB0AA1E129A17DCE00217953 /* FolderTreeUITests.swift in Sources */ = {isa = PBXBuildFile; fileRef = EB0AA1E029A17DCE00217953 /* FolderTreeUITests.swift */; };
		EB0AA1E329A17DCE00217953 /* FolderTreeUITestsLaunchTests.swift in Sources */ = {isa = PBXBuildFile; fileRef = EB0AA1E229A17DCE00217953 /* FolderTreeUITestsLaunchTests.swift */; };
		EB0AA1F029A17E3300217953 /* TreeView.swift in Sources */ = {isa = PBXBuildFile; fileRef = EB0AA1EF29A17E3300217953 /* TreeView.swift */; };
/* End PBXBuildFile section */

/* Begin PBXContainerItemProxy section */
		EB0AA1D329A17DCE00217953 /* PBXContainerItemProxy */ = {
			isa = PBXContainerItemProxy;
			containerPortal = EB0AA1B929A17DCB00217953 /* Project object */;
			proxyType = 1;
			remoteGlobalIDString = EB0AA1C029A17DCB00217953;
			remoteInfo = FolderTree;
		};
		EB0AA1DD29A17DCE00217953 /* PBXContainerItemProxy */ = {
			isa = PBXContainerItemProxy;
			containerPortal = EB0AA1B929A17DCB00217953 /* Project object */;
			proxyType = 1;
			remoteGlobalIDString = EB0AA1C029A17DCB00217953;
			remoteInfo = FolderTree;
		};
/* End PBXContainerItemProxy section */

/* Begin PBXFileReference section */
		EB0AA1C129A17DCB00217953 /* FolderTree.app */ = {isa = PBXFileReference; explicitFileType = wrapper.application; includeInIndex = 0; path = FolderTree.app; sourceTree = BUILT_PRODUCTS_DIR; };
		EB0AA1C429A17DCB00217953 /* FolderTreeApp.swift */ = {isa = PBXFileReference; lastKnownFileType = sourcecode.swift; path = FolderTreeApp.swift; sourceTree = "<group>"; };
		EB0AA1C629A17DCB00217953 /* ContentView.swift */ = {isa = PBXFileReference; lastKnownFileType = sourcecode.swift; path = ContentView.swift; sourceTree = "<group>"; };
		EB0AA1C829A17DCE00217953 /* Assets.xcassets */ = {isa = PBXFileReference; lastKnownFileType = folder.assetcatalog; path = Assets.xcassets; sourceTree = "<group>"; };
		EB0AA1CB29A17DCE00217953 /* Preview Assets.xcassets */ = {isa = PBXFileReference; lastKnownFileType = folder.assetcatalog; path = "Preview Assets.xcassets"; sourceTree = "<group>"; };
		EB0AA1CD29A17DCE00217953 /* FolderTree.entitlements */ = {isa = PBXFileReference; lastKnownFileType = text.plist.entitlements; path = FolderTree.entitlements; sourceTree = "<group>"; };
		EB0AA1D229A17DCE00217953 /* FolderTreeTests.xctest */ = {isa = PBXFileReference; explicitFileType = wrapper.cfbundle; includeInIndex = 0; path = FolderTreeTests.xctest; sourceTree = BUILT_PRODUCTS_DIR; };
		EB0AA1D629A17DCE00217953 /* FolderTreeTests.swift */ = {isa = PBXFileReference; lastKnownFileType = sourcecode.swift; path = FolderTreeTests.swift; sourceTree = "<group>"; };
		EB0AA1DC29A17DCE00217953 /* FolderTreeUITests.xctest */ = {isa = PBXFileReference; explicitFileType = wrapper.cfbundle; includeInIndex = 0; path = FolderTreeUITests.xctest; sourceTree = BUILT_PRODUCTS_DIR; };
		EB0AA1E029A17DCE00217953 /* FolderTreeUITests.swift */ = {isa = PBXFileReference; lastKnownFileType = sourcecode.swift; path = FolderTreeUITests.swift; sourceTree = "<group>"; };
		EB0AA1E229A17DCE00217953 /* FolderTreeUITestsLaunchTests.swift */ = {isa = PBXFileReference; lastKnownFileType = sourcecode.swift; path = FolderTreeUITestsLaunchTests.swift; sourceTree = "<group>"; };
		EB0AA1EF29A17E3300217953 /* TreeView.swift */ = {isa = PBXFileReference; lastKnownFileType = sourcecode.swift; path = TreeView.swift; sourceTree = "<group>"; };
/* End PBXFileReference section */

/* Begin PBXFrameworksBuildPhase section */
		EB0AA1BE29A17DCB00217953 /* Frameworks */ = {
			isa = PBXFrameworksBuildPhase;
			buildActionMask = 2147483647;
			files = (
			);
			runOnlyForDeploymentPostprocessing = 0;
		};
		EB0AA1CF29A17DCE00217953 /* Frameworks */ = {
			isa = PBXFrameworksBuildPhase;
			buildActionMask = 2147483647;
			files = (
			);
			runOnlyForDeploymentPostprocessing = 0;
		};
		EB0AA1D929A17DCE00217953 /* Frameworks */ = {
			isa = PBXFrameworksBuildPhase;
			buildActionMask = 2147483647;
			files = (
			);
			runOnlyForDeploymentPostprocessing = 0;
		};
/* End PBXFrameworksBuildPhase section */

/* Begin PBXGroup section */
		EB0AA1B829A17DCB00217953 = {
			isa = PBXGroup;
			children = (
				EB0AA1C329A17DCB00217953 /* FolderTree */,
				EB0AA1D529A17DCE00217953 /* FolderTreeTests */,
				EB0AA1DF29A17DCE00217953 /* FolderTreeUITests */,
				EB0AA1C229A17DCB00217953 /* Products */,
			);
			sourceTree = "<group>";
		};
		EB0AA1C229A17DCB00217953 /* Products */ = {
			isa = PBXGroup;
			children = (
				EB0AA1C129A17DCB00217953 /* FolderTree.app */,
				EB0AA1D229A17DCE00217953 /* FolderTreeTests.xctest */,
				EB0AA1DC29A17DCE00217953 /* FolderTreeUITests.xctest */,
			);
			name = Products;
			sourceTree = "<group>";
		};
		EB0AA1C329A17DCB00217953 /* FolderTree */ = {
			isa = PBXGroup;
			children = (
				EB0AA1C429A17DCB00217953 /* FolderTreeApp.swift */,
				EB0AA1C629A17DCB00217953 /* ContentView.swift */,
				EB0AA1EF29A17E3300217953 /* TreeView.swift */,
				EB0AA1C829A17DCE00217953 /* Assets.xcassets */,
				EB0AA1CD29A17DCE00217953 /* FolderTree.entitlements */,
				EB0AA1CA29A17DCE00217953 /* Preview Content */,
			);
			path = FolderTree;
			sourceTree = "<group>";
		};
		EB0AA1CA29A17DCE00217953 /* Preview Content */ = {
			isa = PBXGroup;
			children = (
				EB0AA1CB29A17DCE00217953 /* Preview Assets.xcassets */,
			);
			path = "Preview Content";
			sourceTree = "<group>";
		};
		EB0AA1D529A17DCE00217953 /* FolderTreeTests */ = {
			isa = PBXGroup;
			children = (
				EB0AA1D629A17DCE00217953 /* FolderTreeTests.swift */,
			);
			path = FolderTreeTests;
			sourceTree = "<group>";
		};
		EB0AA1DF29A17DCE00217953 /* FolderTreeUITests */ = {
			isa = PBXGroup;
			children = (
				EB0AA1E029A17DCE00217953 /* FolderTreeUITests.swift */,
				EB0AA1E229A17DCE00217953 /* FolderTreeUITestsLaunchTests.swift */,
			);
			path = FolderTreeUITests;
			sourceTree = "<group>";
		};
/* End PBXGroup section */

/* Begin PBXNativeTarget section */
		EB0AA1C029A17DCB00217953 /* FolderTree */ = {
			isa = PBXNativeTarget;
			buildConfigurationList = EB0AA1E629A17DCE00217953 /* Build configuration list for PBXNativeTarget "FolderTree" */;
			buildPhases = (
				EB0AA1BD29A17DCB00217953 /* Sources */,
				EB0AA1BE29A17DCB00217953 /* Frameworks */,
				EB0AA1BF29A17DCB00217953 /* Resources */,
			);
			buildRules = (
			);
			dependencies = (
			);
			name = FolderTree;
			productName = FolderTree;
			productReference = EB0AA1C129A17DCB00217953 /* FolderTree.app */;
			productType = "com.apple.product-type.application";
		};
		EB0AA1D129A17DCE00217953 /* FolderTreeTests */ = {
			isa = PBXNativeTarget;
			buildConfigurationList = EB0AA1E929A17DCE00217953 /* Build configuration list for PBXNativeTarget "FolderTreeTests" */;
			buildPhases = (
				EB0AA1CE29A17DCE00217953 /* Sources */,
				EB0AA1CF29A17DCE00217953 /* Frameworks */,
				EB0AA1D029A17DCE00217953 /* Resources */,
			);
			buildRules = (
			);
			dependencies = (
				EB0AA1D429A17DCE00217953 /* PBXTargetDependency */,
			);
			name = FolderTreeTests;
			productName = FolderTreeTests;
			productReference = EB0AA1D229A17DCE00217953 /* FolderTreeTests.xctest */;
			productType = "com.apple.product-type.bundle.unit-test";
		};
		EB0AA1DB29A17DCE00217953 /* FolderTreeUITests */ = {
			isa = PBXNativeTarget;
			buildConfigurationList = EB0AA1EC29A17DCE00217953 /* Build configuration list for PBXNativeTarget "FolderTreeUITests" */;
			buildPhases = (
				EB0AA1D829A17DCE00217953 /* Sources */,
				EB0AA1D929A17DCE00217953 /* Frameworks */,
				EB0AA1DA29A17DCE00217953 /* Resources */,
			);
			buildRules = (
			);
			dependencies = (
				EB0AA1DE29A17DCE00217953 /* PBXTargetDependency */,
			);
			name = FolderTreeUITests;
			productName = FolderTreeUITests;
			productReference = EB0AA1DC29A17DCE00217953 /* FolderTreeUITests.xctest */;
			productType = "com.apple.product-type.bundle.ui-testing";
		};
/* End PBXNativeTarget section */

/* Begin PBXProject section */
		EB0AA1B929A17DCB00217953 /* Project object */ = {
			isa = PBXProject;
			attributes = {
				BuildIndependentTargetsInParallel = 1;
				LastSwiftUpdateCheck = 1420;
				LastUpgradeCheck = 1420;
				TargetAttributes = {
					EB0AA1C029A17DCB00217953 = {
						CreatedOnToolsVersion = 14.2;
					};
					EB0AA1D129A17DCE00217953 = {
						CreatedOnToolsVersion = 14.2;
						TestTargetID = EB0AA1C029A17DCB00217953;
					};
					EB0AA1DB29A17DCE00217953 = {
						CreatedOnToolsVersion = 14.2;
						TestTargetID = EB0AA1C029A17DCB00217953;
					};
				};
			};
			buildConfigurationList = EB0AA1BC29A17DCB00217953 /* Build configuration list for PBXProject "FolderTree" */;
			compatibilityVersion = "Xcode 14.0";
			developmentRegion = en;
			hasScannedForEncodings = 0;
			knownRegions = (
				en,
				Base,
			);
			mainGroup = EB0AA1B829A17DCB00217953;
			productRefGroup = EB0AA1C229A17DCB00217953 /* Products */;
			projectDirPath = "";
			projectRoot = "";
			targets = (
				EB0AA1C029A17DCB00217953 /* FolderTree */,
				EB0AA1D129A17DCE00217953 /* FolderTreeTests */,
				EB0AA1DB29A17DCE00217953 /* FolderTreeUITests */,
			);
		};
/* End PBXProject section */

/* Begin PBXResourcesBuildPhase section */
		EB0AA1BF29A17DCB00217953 /* Resources */ = {
			isa = PBXResourcesBuildPhase;
			buildActionMask = 2147483647;
			files = (
				EB0AA1CC29A17DCE00217953 /* Preview Assets.xcassets in Resources */,
				EB0AA1C929A17DCE00217953 /* Assets.xcassets in Resources */,
			);
			runOnlyForDeploymentPostprocessing = 0;
		};
		EB0AA1D029A17DCE00217953 /* Resources */ = {
			isa = PBXResourcesBuildPhase;
			buildActionMask = 2147483647;
			files = (
			);
			runOnlyForDeploymentPostprocessing = 0;
		};
		EB0AA1DA29A17DCE00217953 /* Resources */ = {
			isa = PBXResourcesBuildPhase;
			buildActionMask = 2147483647;
			files = (
			);
			runOnlyForDeploymentPostprocessing = 0;
		};
/* End PBXResourcesBuildPhase section */

/* Begin PBXSourcesBuildPhase section */
		EB0AA1BD29A17DCB00217953 /* Sources */ = {
			isa = PBXSourcesBuildPhase;
			buildActionMask = 2147483647;
			files = (
				EB0AA1F029A17E3300217953 /* TreeView.swift in Sources */,
				EB0AA1C729A17DCB00217953 /* ContentView.swift in Sources */,
				EB0AA1C529A17DCB00217953 /* FolderTreeApp.swift in Sources */,
			);
			runOnlyForDeploymentPostprocessing = 0;
		};
		EB0AA1CE29A17DCE00217953 /* Sources */ = {
			isa = PBXSourcesBuildPhase;
			buildActionMask = 2147483647;
			files = (
				EB0AA1D729A17DCE00217953 /* FolderTreeTests.swift in Sources */,
			);
			runOnlyForDeploymentPostprocessing = 0;
		};
		EB0AA1D829A17DCE00217953 /* Sources */ = {
			isa = PBXSourcesBuildPhase;
			buildActionMask = 2147483647;
			files = (
				EB0AA1E329A17DCE00217953 /* FolderTreeUITestsLaunchTests.swift in Sources */,
				EB0AA1E129A17DCE00217953 /* FolderTreeUITests.swift in Sources */,
			);
			runOnlyForDeploymentPostprocessing = 0;
		};
/* End PBXSourcesBuildPhase section */

/* Begin PBXTargetDependency section */
		EB0AA1D429A17DCE00217953 /* PBXTargetDependency */ = {
			isa = PBXTargetDependency;
			target = EB0AA1C029A17DCB00217953 /* FolderTree */;
			targetProxy = EB0AA1D329A17DCE00217953 /* PBXContainerItemProxy */;
		};
		EB0AA1DE29A17DCE00217953 /* PBXTargetDependency */ = {
			isa = PBXTargetDependency;
			target = EB0AA1C029A17DCB00217953 /* FolderTree */;
			targetProxy = EB0AA1DD29A17DCE00217953 /* PBXContainerItemProxy */;
		};
/* End PBXTargetDependency section */

/* Begin XCBuildConfiguration section */
		EB0AA1E429A17DCE00217953 /* Debug */ = {
			isa = XCBuildConfiguration;
			buildSettings = {
				ALWAYS_SEARCH_USER_PATHS = NO;
				CLANG_ANALYZER_NONNULL = YES;
				CLANG_ANALYZER_NUMBER_OBJECT_CONVERSION = YES_AGGRESSIVE;
				CLANG_CXX_LANGUAGE_STANDARD = "gnu++20";
				CLANG_ENABLE_MODULES = YES;
				CLANG_ENABLE_OBJC_ARC = YES;
				CLANG_ENABLE_OBJC_WEAK = YES;
				CLANG_WARN_BLOCK_CAPTURE_AUTORELEASING = YES;
				CLANG_WARN_BOOL_CONVERSION = YES;
				CLANG_WARN_COMMA = YES;
				CLANG_WARN_CONSTANT_CONVERSION = YES;
				CLANG_WARN_DEPRECATED_OBJC_IMPLEMENTATIONS = YES;
				CLANG_WARN_DIRECT_OBJC_ISA_USAGE = YES_ERROR;
				CLANG_WARN_DOCUMENTATION_COMMENTS = YES;
				CLANG_WARN_EMPTY_BODY = YES;
				CLANG_WARN_ENUM_CONVERSION = YES;
				CLANG_WARN_INFINITE_RECURSION = YES;
				CLANG_WARN_INT_CONVERSION = YES;
				CLANG_WARN_NON_LITERAL_NULL_CONVERSION = YES;
				CLANG_WARN_OBJC_IMPLICIT_RETAIN_SELF = YES;
				CLANG_WARN_OBJC_LITERAL_CONVERSION = YES;
				CLANG_WARN_OBJC_ROOT_CLASS = YES_ERROR;
				CLANG_WARN_QUOTED_INCLUDE_IN_FRAMEWORK_HEADER = YES;
				CLANG_WARN_RANGE_LOOP_ANALYSIS = YES;
				CLANG_WARN_STRICT_PROTOTYPES = YES;
				CLANG_WARN_SUSPICIOUS_MOVE = YES;
				CLANG_WARN_UNGUARDED_AVAILABILITY = YES_AGGRESSIVE;
				CLANG_WARN_UNREACHABLE_CODE = YES;
				CLANG_WARN__DUPLICATE_METHOD_MATCH = YES;
				COPY_PHASE_STRIP = NO;
				DEBUG_INFORMATION_FORMAT = dwarf;
				ENABLE_STRICT_OBJC_MSGSEND = YES;
				ENABLE_TESTABILITY = YES;
				GCC_C_LANGUAGE_STANDARD = gnu11;
				GCC_DYNAMIC_NO_PIC = NO;
				GCC_NO_COMMON_BLOCKS = YES;
				GCC_OPTIMIZATION_LEVEL = 0;
				GCC_PREPROCESSOR_DEFINITIONS = (
					"DEBUG=1",
					"$(inherited)",
				);
				GCC_WARN_64_TO_32_BIT_CONVERSION = YES;
				GCC_WARN_ABOUT_RETURN_TYPE = YES_ERROR;
				GCC_WARN_UNDECLARED_SELECTOR = YES;
				GCC_WARN_UNINITIALIZED_AUTOS = YES_AGGRESSIVE;
				GCC_WARN_UNUSED_FUNCTION = YES;
				GCC_WARN_UNUSED_VARIABLE = YES;
				MACOSX_DEPLOYMENT_TARGET = 13.0;
				MTL_ENABLE_DEBUG_INFO = INCLUDE_SOURCE;
				MTL_FAST_MATH = YES;
				ONLY_ACTIVE_ARCH = YES;
				SDKROOT = macosx;
				SWIFT_ACTIVE_COMPILATION_CONDITIONS = DEBUG;
				SWIFT_OPTIMIZATION_LEVEL = "-Onone";
			};
			name = Debug;
		};
		EB0AA1E529A17DCE00217953 /* Release */ = {
			isa = XCBuildConfiguration;
			buildSettings = {
				ALWAYS_SEARCH_USER_PATHS = NO;
				CLANG_ANALYZER_NONNULL = YES;
				CLANG_ANALYZER_NUMBER_OBJECT_CONVERSION = YES_AGGRESSIVE;
				CLANG_CXX_LANGUAGE_STANDARD = "gnu++20";
				CLANG_ENABLE_MODULES = YES;
				CLANG_ENABLE_OBJC_ARC = YES;
				CLANG_ENABLE_OBJC_WEAK = YES;
				CLANG_WARN_BLOCK_CAPTURE_AUTORELEASING = YES;
				CLANG_WARN_BOOL_CONVERSION = YES;
				CLANG_WARN_COMMA = YES;
				CLANG_WARN_CONSTANT_CONVERSION = YES;
				CLANG_WARN_DEPRECATED_OBJC_IMPLEMENTATIONS = YES;
				CLANG_WARN_DIRECT_OBJC_ISA_USAGE = YES_ERROR;
				CLANG_WARN_DOCUMENTATION_COMMENTS = YES;
				CLANG_WARN_EMPTY_BODY = YES;
				CLANG_WARN_ENUM_CONVERSION = YES;
				CLANG_WARN_INFINITE_RECURSION = YES;
				CLANG_WARN_INT_CONVERSION = YES;
				CLANG_WARN_NON_LITERAL_NULL_CONVERSION = YES;
				CLANG_WARN_OBJC_IMPLICIT_RETAIN_SELF = YES;
				CLANG_WARN_OBJC_LITERAL_CONVERSION = YES;
				CLANG_WARN_OBJC_ROOT_CLASS = YES_ERROR;
				CLANG_WARN_QUOTED_INCLUDE_IN_FRAMEWORK_HEADER = YES;
				CLANG_WARN_RANGE_LOOP_ANALYSIS = YES;
				CLANG_WARN_STRICT_PROTOTYPES = YES;
				CLANG_WARN_SUSPICIOUS_MOVE = YES;
				CLANG_WARN_UNGUARDED_AVAILABILITY = YES_AGGRESSIVE;
				CLANG_WARN_UNREACHABLE_CODE = YES;
				CLANG_WARN__DUPLICATE_METHOD_MATCH = YES;
				COPY_PHASE_STRIP = NO;
				DEBUG_INFORMATION_FORMAT = "dwarf-with-dsym";
				ENABLE_NS_ASSERTIONS = NO;
				ENABLE_STRICT_OBJC_MSGSEND = YES;
				GCC_C_LANGUAGE_STANDARD = gnu11;
				GCC_NO_COMMON_BLOCKS = YES;
				GCC_WARN_64_TO_32_BIT_CONVERSION = YES;
				GCC_WARN_ABOUT_RETURN_TYPE = YES_ERROR;
				GCC_WARN_UNDECLARED_SELECTOR = YES;
				GCC_WARN_UNINITIALIZED_AUTOS = YES_AGGRESSIVE;
				GCC_WARN_UNUSED_FUNCTION = YES;
				GCC_WARN_UNUSED_VARIABLE = YES;
				MACOSX_DEPLOYMENT_TARGET = 13.0;
				MTL_ENABLE_DEBUG_INFO = NO;
				MTL_FAST_MATH = YES;
				SDKROOT = macosx;
				SWIFT_COMPILATION_MODE = wholemodule;
				SWIFT_OPTIMIZATION_LEVEL = "-O";
			};
			name = Release;
		};
		EB0AA1E729A17DCE00217953 /* Debug */ = {
			isa = XCBuildConfiguration;
			buildSettings = {
				ASSETCATALOG_COMPILER_APPICON_NAME = AppIcon;
				ASSETCATALOG_COMPILER_GLOBAL_ACCENT_COLOR_NAME = AccentColor;
				CODE_SIGN_ENTITLEMENTS = FolderTree/FolderTree.entitlements;
				CODE_SIGN_STYLE = Automatic;
				COMBINE_HIDPI_IMAGES = YES;
				CURRENT_PROJECT_VERSION = 1;
				DEVELOPMENT_ASSET_PATHS = "\"FolderTree/Preview Content\"";
				DEVELOPMENT_TEAM = UN964XDAH7;
				ENABLE_HARDENED_RUNTIME = YES;
				ENABLE_PREVIEWS = YES;
				GENERATE_INFOPLIST_FILE = YES;
				INFOPLIST_KEY_NSHumanReadableCopyright = "";
				LD_RUNPATH_SEARCH_PATHS = (
					"$(inherited)",
					"@executable_path/../Frameworks",
				);
				MARKETING_VERSION = 1.0;
				PRODUCT_BUNDLE_IDENTIFIER = lillycat332.FolderTree;
				PRODUCT_NAME = "$(TARGET_NAME)";
				SWIFT_EMIT_LOC_STRINGS = YES;
				SWIFT_VERSION = 5.0;
			};
			name = Debug;
		};
		EB0AA1E829A17DCE00217953 /* Release */ = {
			isa = XCBuildConfiguration;
			buildSettings = {
				ASSETCATALOG_COMPILER_APPICON_NAME = AppIcon;
				ASSETCATALOG_COMPILER_GLOBAL_ACCENT_COLOR_NAME = AccentColor;
				CODE_SIGN_ENTITLEMENTS = FolderTree/FolderTree.entitlements;
				CODE_SIGN_STYLE = Automatic;
				COMBINE_HIDPI_IMAGES = YES;
				CURRENT_PROJECT_VERSION = 1;
				DEVELOPMENT_ASSET_PATHS = "\"FolderTree/Preview Content\"";
				DEVELOPMENT_TEAM = UN964XDAH7;
				ENABLE_HARDENED_RUNTIME = YES;
				ENABLE_PREVIEWS = YES;
				GENERATE_INFOPLIST_FILE = YES;
				INFOPLIST_KEY_NSHumanReadableCopyright = "";
				LD_RUNPATH_SEARCH_PATHS = (
					"$(inherited)",
					"@executable_path/../Frameworks",
				);
				MARKETING_VERSION = 1.0;
				PRODUCT_BUNDLE_IDENTIFIER = lillycat332.FolderTree;
				PRODUCT_NAME = "$(TARGET_NAME)";
				SWIFT_EMIT_LOC_STRINGS = YES;
				SWIFT_VERSION = 5.0;
			};
			name = Release;
		};
		EB0AA1EA29A17DCE00217953 /* Debug */ = {
			isa = XCBuildConfiguration;
			buildSettings = {
				ALWAYS_EMBED_SWIFT_STANDARD_LIBRARIES = YES;
				BUNDLE_LOADER = "$(TEST_HOST)";
				CODE_SIGN_STYLE = Automatic;
				CURRENT_PROJECT_VERSION = 1;
				DEVELOPMENT_TEAM = UN964XDAH7;
				GENERATE_INFOPLIST_FILE = YES;
				MACOSX_DEPLOYMENT_TARGET = 13.0;
				MARKETING_VERSION = 1.0;
				PRODUCT_BUNDLE_IDENTIFIER = lillycat332.FolderTreeTests;
				PRODUCT_NAME = "$(TARGET_NAME)";
				SWIFT_EMIT_LOC_STRINGS = NO;
				SWIFT_VERSION = 5.0;
				TEST_HOST = "$(BUILT_PRODUCTS_DIR)/FolderTree.app/$(BUNDLE_EXECUTABLE_FOLDER_PATH)/FolderTree";
			};
			name = Debug;
		};
		EB0AA1EB29A17DCE00217953 /* Release */ = {
			isa = XCBuildConfiguration;
			buildSettings = {
				ALWAYS_EMBED_SWIFT_STANDARD_LIBRARIES = YES;
				BUNDLE_LOADER = "$(TEST_HOST)";
				CODE_SIGN_STYLE = Automatic;
				CURRENT_PROJECT_VERSION = 1;
				DEVELOPMENT_TEAM = UN964XDAH7;
				GENERATE_INFOPLIST_FILE = YES;
				MACOSX_DEPLOYMENT_TARGET = 13.0;
				MARKETING_VERSION = 1.0;
				PRODUCT_BUNDLE_IDENTIFIER = lillycat332.FolderTreeTests;
				PRODUCT_NAME = "$(TARGET_NAME)";
				SWIFT_EMIT_LOC_STRINGS = NO;
				SWIFT_VERSION = 5.0;
				TEST_HOST = "$(BUILT_PRODUCTS_DIR)/FolderTree.app/$(BUNDLE_EXECUTABLE_FOLDER_PATH)/FolderTree";
			};
			name = Release;
		};
		EB0AA1ED29A17DCE00217953 /* Debug */ = {
			isa = XCBuildConfiguration;
			buildSettings = {
				ALWAYS_EMBED_SWIFT_STANDARD_LIBRARIES = YES;
				CODE_SIGN_STYLE = Automatic;
				CURRENT_PROJECT_VERSION = 1;
				DEVELOPMENT_TEAM = UN964XDAH7;
				GENERATE_INFOPLIST_FILE = YES;
				MARKETING_VERSION = 1.0;
				PRODUCT_BUNDLE_IDENTIFIER = lillycat332.FolderTreeUITests;
				PRODUCT_NAME = "$(TARGET_NAME)";
				SWIFT_EMIT_LOC_STRINGS = NO;
				SWIFT_VERSION = 5.0;
				TEST_TARGET_NAME = FolderTree;
			};
			name = Debug;
		};
		EB0AA1EE29A17DCE00217953 /* Release */ = {
			isa = XCBuildConfiguration;
			buildSettings = {
				ALWAYS_EMBED_SWIFT_STANDARD_LIBRARIES = YES;
				CODE_SIGN_STYLE = Automatic;
				CURRENT_PROJECT_VERSION = 1;
				DEVELOPMENT_TEAM = UN964XDAH7;
				GENERATE_INFOPLIST_FILE = YES;
				MARKETING_VERSION = 1.0;
				PRODUCT_BUNDLE_IDENTIFIER = lillycat332.FolderTreeUITests;
				PRODUCT_NAME = "$(TARGET_NAME)";
				SWIFT_EMIT_LOC_STRINGS = NO;
				SWIFT_VERSION = 5.0;
				TEST_TARGET_NAME = FolderTree;
			};
			name = Release;
		};
/* End XCBuildConfiguration section */

/* Begin XCConfigurationList section */
		EB0AA1BC29A17DCB00217953 /* Build configuration list for PBXProject "FolderTree" */ = {
			isa = XCConfigurationList;
			buildConfigurations = (
				EB0AA1E429A17DCE00217953 /* Debug */,
				EB0AA1E529A17DCE00217953 /* Release */,
			);
			defaultConfigurationIsVisible = 0;
			defaultConfigurationName = Release;
		};
		EB0AA1E629A17DCE00217953 /* Build configuration list for PBXNativeTarget "FolderTree" */ = {
			isa = XCConfigurationList;
			buildConfigurations = (
				EB0AA1E729A17DCE00217953 /* Debug */,
				EB0AA1E829A17DCE00217953 /* Release */,
			);
			defaultConfigurationIsVisible = 0;
			defaultConfigurationName = Release;
		};
		EB0AA1E929A17DCE00217953 /* Build configuration list for PBXNativeTarget "FolderTreeTests" */ = {
			isa = XCConfigurationList;
			buildConfigurations = (
				EB0AA1EA29A17DCE00217953 /* Debug */,
				EB0AA1EB29A17DCE00217953 /* Release */,
			);
			defaultConfigurationIsVisible = 0;
			defaultConfigurationName = Release;
		};
		EB0AA1EC29A17DCE00217953 /* Build configuration list for PBXNativeTarget "FolderTreeUITests" */ = {
			isa = XCConfigurationList;
			buildConfigurations = (
				EB0AA1ED29A17DCE00217953 /* Debug */,
				EB0AA1EE29A17DCE00217953 /* Release */,
			);
			defaultConfigurationIsVisible = 0;
			defaultConfigurationName = Release;
		};
/* End XCConfigurationList section */
	};
	rootObject = EB0AA1B929A17DCB00217953 /* Project object */;
}
